
Microsoft Visual Studio Solution File, Format Version 12.00
# Visual Studio 2012
Project("{8BC9CEB8-8B4A-11D0-8D11-00A0C91BC942}") = "A. Basics01", "UbiTests\Basics01.vcxproj", "{62E2EDE0-43C8-400E-A375-D75E0E96974B}"
EndProject
Project("{8BC9CEB8-8B4A-11D0-8D11-00A0C91BC942}") = "A. Basics02", "UbiTests\Basics02.vcxproj", "{F615B3B8-F246-4C9E-9C60-289FE43ABD6D}"
EndProject
Project("{8BC9CEB8-8B4A-11D0-8D11-00A0C91BC942}") = "A. Basics03", "UbiTests\Basics03.vcxproj", "{ADC725A2-7A96-4535-B6EF-DBCFE9F06D41}"
EndProject
Project("{8BC9CEB8-8B4A-11D0-8D11-00A0C91BC942}") = "A. Basics04", "UbiTests\Basics04.vcxproj", "{C6F82FF0-4B13-4C52-996C-427AAEF1A242}"
EndProject
Project("{8BC9CEB8-8B4A-11D0-8D11-00A0C91BC942}") = "A. Basics05", "UbiTests\Basics05.vcxproj", "{8062C53F-E4F4-4191-AF36-FC90769B7ECB}"
EndProject
Project("{8BC9CEB8-8B4A-11D0-8D11-00A0C91BC942}") = "A. Basics06", "UbiTests\Basics06.vcxproj", "{C1850323-4478-4F7D-835C-82DB56AC80A5}"
EndProject
Project("{8BC9CEB8-8B4A-11D0-8D11-00A0C91BC942}") = "A. Basics07", "UbiTests\Basics07.vcxproj", "{DD0281FA-BD40-4D31-8EA0-3B5E4AF02546}"
EndProject
Project("{8BC9CEB8-8B4A-11D0-8D11-00A0C91BC942}") = "A. Basics08", "UbiTests\Basics08.vcxproj", "{12C94EB1-5D0F-48AB-AD90-5226012FCA19}"
EndProject
Project("{8BC9CEB8-8B4A-11D0-8D11-00A0C91BC942}") = "A. Basics09", "UbiTests\Basics09.vcxproj", "{1CF35D67-D321-4594-878A-2483E9F9323F}"
EndProject
Project("{8BC9CEB8-8B4A-11D0-8D11-00A0C91BC942}") = "A. Basics10", "UbiTests\Basics10.vcxproj", "{74B4C5E0-7558-40D0-945C-FBCD5833CA57}"
EndProject
Project("{8BC9CEB8-8B4A-11D0-8D11-00A0C91BC942}") = "A. Basics11", "UbiTests\Basics11.vcxproj", "{9DEA4FEB-2EDA-4DBE-9F9A-7181D79095FD}"
EndProject
Project("{8BC9CEB8-8B4A-11D0-8D11-00A0C91BC942}") = "A. Basics12", "UbiTests\Basics12.vcxproj", "{F4CC0AB1-7E55-4307-BE94-790A9309890A}"
EndProject
Project("{8BC9CEB8-8B4A-11D0-8D11-00A0C91BC942}") = "B. Advanced01", "UbiTests\Advanced01.vcxproj", "{070134BC-19FB-4D32-B3C0-4D0B9ECEA862}"
EndProject
Project("{8BC9CEB8-8B4A-11D0-8D11-00A0C91BC942}") = "B. Advanced02", "UbiTests\Advanced02.vcxproj", "{06D8295B-5A2D-47C4-A109-09B7F4A6E1CC}"
EndProject
Project("{8BC9CEB8-8B4A-11D0-8D11-00A0C91BC942}") = "B. Advanced03", "UbiTests\Advanced03.vcxproj", "{4852B88B-680F-42CF-9D8C-EDD1A8A812F6}"
EndProject
Project("{8BC9CEB8-8B4A-11D0-8D11-00A0C91BC942}") = "B. Advanced04", "UbiTests\Advanced04.vcxproj", "{4D939622-7D58-4233-AFD9-7E9CD91DCFDD}"
EndProject
Project("{8BC9CEB8-8B4A-11D0-8D11-00A0C91BC942}") = "B. Advanced05", "UbiTests\Advanced05.vcxproj", "{EC03E9B1-D905-40D9-9FE6-C403B728BE25}"
EndProject
Project("{8BC9CEB8-8B4A-11D0-8D11-00A0C91BC942}") = "B. Advanced06", "UbiTests\Advanced06.vcxproj", "{10D6BC05-648C-472C-AC08-E0DB60F28B64}"
EndProject
Project("{8BC9CEB8-8B4A-11D0-8D11-00A0C91BC942}") = "C. Algo01", "UbiTests\Algo01.vcxproj", "{48D52A62-0C65-47D8-9996-7FF82B7BB77E}"
EndProject
Project("{8BC9CEB8-8B4A-11D0-8D11-00A0C91BC942}") = "C. Algo02", "UbiTests\Algo02.vcxproj", "{1A174EC3-5F18-459F-A134-FF0973EC2110}"
EndProject
Project("{8BC9CEB8-8B4A-11D0-8D11-00A0C91BC942}") = "C. Algo03", "UbiTests\Algo03.vcxproj", "{71B5F825-FF4F-47AC-8D8A-6DA4A46A688C}"
EndProject
Project("{8BC9CEB8-8B4A-11D0-8D11-00A0C91BC942}") = "C. Algo04", "UbiTests\Algo04.vcxproj", "{8D3AFD2A-3665-4449-B2EC-5EE83AD60F8A}"
EndProject
Project("{8BC9CEB8-8B4A-11D0-8D11-00A0C91BC942}") = "D. Math01", "UbiTests\Math01.vcxproj", "{565D96B7-C0A8-43D2-889D-010D056C310F}"
EndProject
Project("{8BC9CEB8-8B4A-11D0-8D11-00A0C91BC942}") = "D. Math02", "UbiTests\Math02.vcxproj", "{3ED6AE60-E9A3-46C6-9982-B63AB14FF4FA}"
EndProject
Project("{8BC9CEB8-8B4A-11D0-8D11-00A0C91BC942}") = "D. Math03", "UbiTests\Math03.vcxproj", "{F91D77E2-9E3B-486C-B7C4-212D1A879837}"
EndProject
Project("{8BC9CEB8-8B4A-11D0-8D11-00A0C91BC942}") = "D. Math04", "UbiTests\Math04.vcxproj", "{B905AC93-34EC-41AB-871D-22044F7B899F}"
EndProject
Global
	GlobalSection(SolutionConfigurationPlatforms) = preSolution
		Debug|Win32 = Debug|Win32
		Release|Win32 = Release|Win32
	EndGlobalSection
	GlobalSection(ProjectConfigurationPlatforms) = postSolution
		{62E2EDE0-43C8-400E-A375-D75E0E96974B}.Debug|Win32.ActiveCfg = Debug|Win32
		{62E2EDE0-43C8-400E-A375-D75E0E96974B}.Debug|Win32.Build.0 = Debug|Win32
		{62E2EDE0-43C8-400E-A375-D75E0E96974B}.Release|Win32.ActiveCfg = Release|Win32
		{62E2EDE0-43C8-400E-A375-D75E0E96974B}.Release|Win32.Build.0 = Release|Win32
		{F615B3B8-F246-4C9E-9C60-289FE43ABD6D}.Debug|Win32.ActiveCfg = Debug|Win32
		{F615B3B8-F246-4C9E-9C60-289FE43ABD6D}.Debug|Win32.Build.0 = Debug|Win32
		{F615B3B8-F246-4C9E-9C60-289FE43ABD6D}.Release|Win32.ActiveCfg = Release|Win32
		{F615B3B8-F246-4C9E-9C60-289FE43ABD6D}.Release|Win32.Build.0 = Release|Win32
		{ADC725A2-7A96-4535-B6EF-DBCFE9F06D41}.Debug|Win32.ActiveCfg = Debug|Win32
		{ADC725A2-7A96-4535-B6EF-DBCFE9F06D41}.Debug|Win32.Build.0 = Debug|Win32
		{ADC725A2-7A96-4535-B6EF-DBCFE9F06D41}.Release|Win32.ActiveCfg = Release|Win32
		{ADC725A2-7A96-4535-B6EF-DBCFE9F06D41}.Release|Win32.Build.0 = Release|Win32
		{C6F82FF0-4B13-4C52-996C-427AAEF1A242}.Debug|Win32.ActiveCfg = Debug|Win32
		{C6F82FF0-4B13-4C52-996C-427AAEF1A242}.Debug|Win32.Build.0 = Debug|Win32
		{C6F82FF0-4B13-4C52-996C-427AAEF1A242}.Release|Win32.ActiveCfg = Release|Win32
		{C6F82FF0-4B13-4C52-996C-427AAEF1A242}.Release|Win32.Build.0 = Release|Win32
		{8062C53F-E4F4-4191-AF36-FC90769B7ECB}.Debug|Win32.ActiveCfg = Debug|Win32
		{8062C53F-E4F4-4191-AF36-FC90769B7ECB}.Debug|Win32.Build.0 = Debug|Win32
		{8062C53F-E4F4-4191-AF36-FC90769B7ECB}.Release|Win32.ActiveCfg = Release|Win32
		{8062C53F-E4F4-4191-AF36-FC90769B7ECB}.Release|Win32.Build.0 = Release|Win32
		{C1850323-4478-4F7D-835C-82DB56AC80A5}.Debug|Win32.ActiveCfg = Debug|Win32
		{C1850323-4478-4F7D-835C-82DB56AC80A5}.Debug|Win32.Build.0 = Debug|Win32
		{C1850323-4478-4F7D-835C-82DB56AC80A5}.Release|Win32.ActiveCfg = Release|Win32
		{C1850323-4478-4F7D-835C-82DB56AC80A5}.Release|Win32.Build.0 = Release|Win32
		{DD0281FA-BD40-4D31-8EA0-3B5E4AF02546}.Debug|Win32.ActiveCfg = Debug|Win32
		{DD0281FA-BD40-4D31-8EA0-3B5E4AF02546}.Debug|Win32.Build.0 = Debug|Win32
		{DD0281FA-BD40-4D31-8EA0-3B5E4AF02546}.Release|Win32.ActiveCfg = Release|Win32
		{DD0281FA-BD40-4D31-8EA0-3B5E4AF02546}.Release|Win32.Build.0 = Release|Win32
		{12C94EB1-5D0F-48AB-AD90-5226012FCA19}.Debug|Win32.ActiveCfg = Debug|Win32
		{12C94EB1-5D0F-48AB-AD90-5226012FCA19}.Debug|Win32.Build.0 = Debug|Win32
		{12C94EB1-5D0F-48AB-AD90-5226012FCA19}.Release|Win32.ActiveCfg = Release|Win32
		{12C94EB1-5D0F-48AB-AD90-5226012FCA19}.Release|Win32.Build.0 = Release|Win32
		{1CF35D67-D321-4594-878A-2483E9F9323F}.Debug|Win32.ActiveCfg = Debug|Win32
		{1CF35D67-D321-4594-878A-2483E9F9323F}.Debug|Win32.Build.0 = Debug|Win32
		{1CF35D67-D321-4594-878A-2483E9F9323F}.Release|Win32.ActiveCfg = Release|Win32
		{1CF35D67-D321-4594-878A-2483E9F9323F}.Release|Win32.Build.0 = Release|Win32
		{74B4C5E0-7558-40D0-945C-FBCD5833CA57}.Debug|Win32.ActiveCfg = Debug|Win32
		{74B4C5E0-7558-40D0-945C-FBCD5833CA57}.Debug|Win32.Build.0 = Debug|Win32
		{74B4C5E0-7558-40D0-945C-FBCD5833CA57}.Release|Win32.ActiveCfg = Release|Win32
		{74B4C5E0-7558-40D0-945C-FBCD5833CA57}.Release|Win32.Build.0 = Release|Win32
		{9DEA4FEB-2EDA-4DBE-9F9A-7181D79095FD}.Debug|Win32.ActiveCfg = Debug|Win32
		{9DEA4FEB-2EDA-4DBE-9F9A-7181D79095FD}.Debug|Win32.Build.0 = Debug|Win32
		{9DEA4FEB-2EDA-4DBE-9F9A-7181D79095FD}.Release|Win32.ActiveCfg = Release|Win32
		{9DEA4FEB-2EDA-4DBE-9F9A-7181D79095FD}.Release|Win32.Build.0 = Release|Win32
		{F4CC0AB1-7E55-4307-BE94-790A9309890A}.Debug|Win32.ActiveCfg = Debug|Win32
		{F4CC0AB1-7E55-4307-BE94-790A9309890A}.Debug|Win32.Build.0 = Debug|Win32
		{F4CC0AB1-7E55-4307-BE94-790A9309890A}.Release|Win32.ActiveCfg = Release|Win32
		{F4CC0AB1-7E55-4307-BE94-790A9309890A}.Release|Win32.Build.0 = Release|Win32
		{070134BC-19FB-4D32-B3C0-4D0B9ECEA862}.Debug|Win32.ActiveCfg = Debug|Win32
		{070134BC-19FB-4D32-B3C0-4D0B9ECEA862}.Debug|Win32.Build.0 = Debug|Win32
		{070134BC-19FB-4D32-B3C0-4D0B9ECEA862}.Release|Win32.ActiveCfg = Release|Win32
		{070134BC-19FB-4D32-B3C0-4D0B9ECEA862}.Release|Win32.Build.0 = Release|Win32
		{06D8295B-5A2D-47C4-A109-09B7F4A6E1CC}.Debug|Win32.ActiveCfg = Debug|Win32
		{06D8295B-5A2D-47C4-A109-09B7F4A6E1CC}.Debug|Win32.Build.0 = Debug|Win32
		{06D8295B-5A2D-47C4-A109-09B7F4A6E1CC}.Release|Win32.ActiveCfg = Release|Win32
		{06D8295B-5A2D-47C4-A109-09B7F4A6E1CC}.Release|Win32.Build.0 = Release|Win32
		{4852B88B-680F-42CF-9D8C-EDD1A8A812F6}.Debug|Win32.ActiveCfg = Debug|Win32
		{4852B88B-680F-42CF-9D8C-EDD1A8A812F6}.Debug|Win32.Build.0 = Debug|Win32
		{4852B88B-680F-42CF-9D8C-EDD1A8A812F6}.Release|Win32.ActiveCfg = Release|Win32
		{4852B88B-680F-42CF-9D8C-EDD1A8A812F6}.Release|Win32.Build.0 = Release|Win32
		{4D939622-7D58-4233-AFD9-7E9CD91DCFDD}.Debug|Win32.ActiveCfg = Debug|Win32
		{4D939622-7D58-4233-AFD9-7E9CD91DCFDD}.Debug|Win32.Build.0 = Debug|Win32
		{4D939622-7D58-4233-AFD9-7E9CD91DCFDD}.Release|Win32.ActiveCfg = Release|Win32
		{4D939622-7D58-4233-AFD9-7E9CD91DCFDD}.Release|Win32.Build.0 = Release|Win32
		{EC03E9B1-D905-40D9-9FE6-C403B728BE25}.Debug|Win32.ActiveCfg = Debug|Win32
		{EC03E9B1-D905-40D9-9FE6-C403B728BE25}.Debug|Win32.Build.0 = Debug|Win32
		{EC03E9B1-D905-40D9-9FE6-C403B728BE25}.Release|Win32.ActiveCfg = Release|Win32
		{EC03E9B1-D905-40D9-9FE6-C403B728BE25}.Release|Win32.Build.0 = Release|Win32
		{10D6BC05-648C-472C-AC08-E0DB60F28B64}.Debug|Win32.ActiveCfg = Debug|Win32
		{10D6BC05-648C-472C-AC08-E0DB60F28B64}.Debug|Win32.Build.0 = Debug|Win32
		{10D6BC05-648C-472C-AC08-E0DB60F28B64}.Release|Win32.ActiveCfg = Release|Win32
		{10D6BC05-648C-472C-AC08-E0DB60F28B64}.Release|Win32.Build.0 = Release|Win32
		{48D52A62-0C65-47D8-9996-7FF82B7BB77E}.Debug|Win32.ActiveCfg = Debug|Win32
		{48D52A62-0C65-47D8-9996-7FF82B7BB77E}.Debug|Win32.Build.0 = Debug|Win32
		{48D52A62-0C65-47D8-9996-7FF82B7BB77E}.Release|Win32.ActiveCfg = Release|Win32
		{48D52A62-0C65-47D8-9996-7FF82B7BB77E}.Release|Win32.Build.0 = Release|Win32
		{1A174EC3-5F18-459F-A134-FF0973EC2110}.Debug|Win32.ActiveCfg = Debug|Win32
		{1A174EC3-5F18-459F-A134-FF0973EC2110}.Debug|Win32.Build.0 = Debug|Win32
		{1A174EC3-5F18-459F-A134-FF0973EC2110}.Release|Win32.ActiveCfg = Release|Win32
		{1A174EC3-5F18-459F-A134-FF0973EC2110}.Release|Win32.Build.0 = Release|Win32
		{71B5F825-FF4F-47AC-8D8A-6DA4A46A688C}.Debug|Win32.ActiveCfg = Debug|Win32
		{71B5F825-FF4F-47AC-8D8A-6DA4A46A688C}.Debug|Win32.Build.0 = Debug|Win32
		{71B5F825-FF4F-47AC-8D8A-6DA4A46A688C}.Release|Win32.ActiveCfg = Release|Win32
		{71B5F825-FF4F-47AC-8D8A-6DA4A46A688C}.Release|Win32.Build.0 = Release|Win32
		{8D3AFD2A-3665-4449-B2EC-5EE83AD60F8A}.Debug|Win32.ActiveCfg = Debug|Win32
		{8D3AFD2A-3665-4449-B2EC-5EE83AD60F8A}.Debug|Win32.Build.0 = Debug|Win32
		{8D3AFD2A-3665-4449-B2EC-5EE83AD60F8A}.Release|Win32.ActiveCfg = Release|Win32
		{8D3AFD2A-3665-4449-B2EC-5EE83AD60F8A}.Release|Win32.Build.0 = Release|Win32
		{565D96B7-C0A8-43D2-889D-010D056C310F}.Debug|Win32.ActiveCfg = Debug|Win32
		{565D96B7-C0A8-43D2-889D-010D056C310F}.Debug|Win32.Build.0 = Debug|Win32
		{565D96B7-C0A8-43D2-889D-010D056C310F}.Release|Win32.ActiveCfg = Release|Win32
		{565D96B7-C0A8-43D2-889D-010D056C310F}.Release|Win32.Build.0 = Release|Win32
		{3ED6AE60-E9A3-46C6-9982-B63AB14FF4FA}.Debug|Win32.ActiveCfg = Debug|Win32
		{3ED6AE60-E9A3-46C6-9982-B63AB14FF4FA}.Debug|Win32.Build.0 = Debug|Win32
		{3ED6AE60-E9A3-46C6-9982-B63AB14FF4FA}.Release|Win32.ActiveCfg = Release|Win32
		{3ED6AE60-E9A3-46C6-9982-B63AB14FF4FA}.Release|Win32.Build.0 = Release|Win32
		{F91D77E2-9E3B-486C-B7C4-212D1A879837}.Debug|Win32.ActiveCfg = Debug|Win32
		{F91D77E2-9E3B-486C-B7C4-212D1A879837}.Debug|Win32.Build.0 = Debug|Win32
		{F91D77E2-9E3B-486C-B7C4-212D1A879837}.Release|Win32.ActiveCfg = Release|Win32
		{F91D77E2-9E3B-486C-B7C4-212D1A879837}.Release|Win32.Build.0 = Release|Win32
		{B905AC93-34EC-41AB-871D-22044F7B899F}.Debug|Win32.ActiveCfg = Debug|Win32
		{B905AC93-34EC-41AB-871D-22044F7B899F}.Debug|Win32.Build.0 = Debug|Win32
		{B905AC93-34EC-41AB-871D-22044F7B899F}.Release|Win32.ActiveCfg = Release|Win32
		{B905AC93-34EC-41AB-871D-22044F7B899F}.Release|Win32.Build.0 = Release|Win32
	EndGlobalSection
	GlobalSection(SolutionProperties) = preSolution
		HideSolutionNode = FALSE
	EndGlobalSection
EndGlobal
